Microsoft Visual Studio Solution File, Format Version 12.00
# Visual Studio Version 17
VisualStudioVersion = 17.5.2.0
MinimumVisualStudioVersion = 10.0.40219.1
Project("{2150E333-8FDC-42A3-9474-1A3956D46DE8}") = "CLASS_Blazor", "CLASS_Blazor", "{1FF74DA8-ED97-E8E2-15A6-7EE005DB154A}"
EndProject
Project("{FAE04EC0-301F-11D3-BF4B-00C04F79EFBC}") = "CLASS", "CLASS_Blazor\CLASS.csproj", "{861D8A9A-BFDA-2CDE-B517-432BB6B3DA6A}"
EndProject
Global
	GlobalSection(SolutionConfigurationPlatforms) = preSolution
		Debug|Any CPU = Debug|Any CPU
		Release|Any CPU = Release|Any CPU
	EndGlobalSection
	GlobalSection(ProjectConfigurationPlatforms) = postSolution
		{861D8A9A-BFDA-2CDE-B517-432BB6B3DA6A}.Debug|Any CPU.ActiveCfg = Debug|Any CPU
		{861D8A9A-BFDA-2CDE-B517-432BB6B3DA6A}.Debug|Any CPU.Build.0 = Debug|Any CPU
		{861D8A9A-BFDA-2CDE-B517-432BB6B3DA6A}.Release|Any CPU.ActiveCfg = Release|Any CPU
		{861D8A9A-BFDA-2CDE-B517-432BB6B3DA6A}.Release|Any CPU.Build.0 = Release|Any CPU
	EndGlobalSection
	GlobalSection(SolutionProperties) = preSolution
		HideSolutionNode = FALSE
	EndGlobalSection
	GlobalSection(NestedProjects) = preSolution
		{861D8A9A-BFDA-2CDE-B517-432BB6B3DA6A} = {1FF74DA8-ED97-E8E2-15A6-7EE005DB154A}
	EndGlobalSection
	GlobalSection(ExtensibilityGlobals) = postSolution
		SolutionGuid = {F34E7A9F-FA83-49B5-A429-C8B8956F4621}
	EndGlobalSection
EndGlobal
